// !$*UTF8*$!
{
	archiveVersion = 1;
	classes = {
	};
	objectVersion = 56;
	objects = {

/* Begin PBXBuildFile section */
		324DCC1C2B67F4330018E86E /* AppDelegate.swift in Sources */ = {isa = PBXBuildFile; fileRef = 324DCC1B2B67F4330018E86E /* AppDelegate.swift */; };
		324DCC1E2B67F4330018E86E /* SceneDelegate.swift in Sources */ = {isa = PBXBuildFile; fileRef = 324DCC1D2B67F4330018E86E /* SceneDelegate.swift */; };
		324DCC202B67F4330018E86E /* ViewController.swift in Sources */ = {isa = PBXBuildFile; fileRef = 324DCC1F2B67F4330018E86E /* ViewController.swift */; };
		324DCC252B67F4350018E86E /* Assets.xcassets in Resources */ = {isa = PBXBuildFile; fileRef = 324DCC242B67F4350018E86E /* Assets.xcassets */; };
		324DCC282B67F4350018E86E /* LaunchScreen.storyboard in Resources */ = {isa = PBXBuildFile; fileRef = 324DCC262B67F4350018E86E /* LaunchScreen.storyboard */; };
		324DCC332B6800490018E86E /* Model.swift in Sources */ = {isa = PBXBuildFile; fileRef = 324DCC322B6800490018E86E /* Model.swift */; };
		324DCC352B6802A80018E86E /* CustomCell.swift in Sources */ = {isa = PBXBuildFile; fileRef = 324DCC342B6802A80018E86E /* CustomCell.swift */; };
/* End PBXBuildFile section */

/* Begin PBXFileReference section */
		324DCC182B67F4330018E86E /* TableView_sozvon.app */ = {isa = PBXFileReference; explicitFileType = wrapper.application; includeInIndex = 0; path = TableView_sozvon.app; sourceTree = BUILT_PRODUCTS_DIR; };
		324DCC1B2B67F4330018E86E /* AppDelegate.swift */ = {isa = PBXFileReference; lastKnownFileType = sourcecode.swift; path = AppDelegate.swift; sourceTree = "<group>"; };
		324DCC1D2B67F4330018E86E /* SceneDelegate.swift */ = {isa = PBXFileReference; lastKnownFileType = sourcecode.swift; path = SceneDelegate.swift; sourceTree = "<group>"; };
		324DCC1F2B67F4330018E86E /* ViewController.swift */ = {isa = PBXFileReference; lastKnownFileType = sourcecode.swift; path = ViewController.swift; sourceTree = "<group>"; };
		324DCC242B67F4350018E86E /* Assets.xcassets */ = {isa = PBXFileReference; lastKnownFileType = folder.assetcatalog; path = Assets.xcassets; sourceTree = "<group>"; };
		324DCC272B67F4350018E86E /* Base */ = {isa = PBXFileReference; lastKnownFileType = file.storyboard; name = Base; path = Base.lproj/LaunchScreen.storyboard; sourceTree = "<group>"; };
		324DCC292B67F4350018E86E /* Info.plist */ = {isa = PBXFileReference; lastKnownFileType = text.plist.xml; path = Info.plist; sourceTree = "<group>"; };
		324DCC322B6800490018E86E /* Model.swift */ = {isa = PBXFileReference; lastKnownFileType = sourcecode.swift; path = Model.swift; sourceTree = "<group>"; };
		324DCC342B6802A80018E86E /* CustomCell.swift */ = {isa = PBXFileReference; lastKnownFileType = sourcecode.swift; path = CustomCell.swift; sourceTree = "<group>"; };
/* End PBXFileReference section */

/* Begin PBXFrameworksBuildPhase section */
		324DCC152B67F4330018E86E /* Frameworks */ = {
			isa = PBXFrameworksBuildPhase;
			buildActionMask = 2147483647;
			files = (
			);
			runOnlyForDeploymentPostprocessing = 0;
		};
/* End PBXFrameworksBuildPhase section */

/* Begin PBXGroup section */
		324DCC0F2B67F4330018E86E = {
			isa = PBXGroup;
			children = (
				324DCC1A2B67F4330018E86E /* TableView_sozvon */,
				324DCC192B67F4330018E86E /* Products */,
			);
			sourceTree = "<group>";
		};
		324DCC192B67F4330018E86E /* Products */ = {
			isa = PBXGroup;
			children = (
				324DCC182B67F4330018E86E /* TableView_sozvon.app */,
			);
			name = Products;
			sourceTree = "<group>";
		};
		324DCC1A2B67F4330018E86E /* TableView_sozvon */ = {
			isa = PBXGroup;
			children = (
				324DCC312B67F4930018E86E /* App */,
				324DCC302B67F4890018E86E /* Sources */,
				324DCC2F2B67F4650018E86E /* Resources */,
			);
			path = TableView_sozvon;
			sourceTree = "<group>";
		};
		324DCC2F2B67F4650018E86E /* Resources */ = {
			isa = PBXGroup;
			children = (
				324DCC242B67F4350018E86E /* Assets.xcassets */,
				324DCC262B67F4350018E86E /* LaunchScreen.storyboard */,
				324DCC292B67F4350018E86E /* Info.plist */,
			);
			path = Resources;
			sourceTree = "<group>";
		};
		324DCC302B67F4890018E86E /* Sources */ = {
			isa = PBXGroup;
			children = (
				324DCC1F2B67F4330018E86E /* ViewController.swift */,
				324DCC322B6800490018E86E /* Model.swift */,
				324DCC342B6802A80018E86E /* CustomCell.swift */,
			);
			path = Sources;
			sourceTree = "<group>";
		};
		324DCC312B67F4930018E86E /* App */ = {
			isa = PBXGroup;
			children = (
				324DCC1B2B67F4330018E86E /* AppDelegate.swift */,
				324DCC1D2B67F4330018E86E /* SceneDelegate.swift */,
			);
			path = App;
			sourceTree = "<group>";
		};
/* End PBXGroup section */

/* Begin PBXNativeTarget section */
		324DCC172B67F4330018E86E /* TableView_sozvon */ = {
			isa = PBXNativeTarget;
			buildConfigurationList = 324DCC2C2B67F4350018E86E /* Build configuration list for PBXNativeTarget "TableView_sozvon" */;
			buildPhases = (
				324DCC142B67F4330018E86E /* Sources */,
				324DCC152B67F4330018E86E /* Frameworks */,
				324DCC162B67F4330018E86E /* Resources */,
			);
			buildRules = (
			);
			dependencies = (
			);
			name = TableView_sozvon;
			productName = TableView_sozvon;
			productReference = 324DCC182B67F4330018E86E /* TableView_sozvon.app */;
			productType = "com.apple.product-type.application";
		};
/* End PBXNativeTarget section */

/* Begin PBXProject section */
		324DCC102B67F4330018E86E /* Project object */ = {
			isa = PBXProject;
			attributes = {
				BuildIndependentTargetsInParallel = 1;
				LastSwiftUpdateCheck = 1520;
				LastUpgradeCheck = 1520;
				TargetAttributes = {
					324DCC172B67F4330018E86E = {
						CreatedOnToolsVersion = 15.2;
					};
				};
			};
			buildConfigurationList = 324DCC132B67F4330018E86E /* Build configuration list for PBXProject "TableView_sozvon" */;
			compatibilityVersion = "Xcode 14.0";
			developmentRegion = en;
			hasScannedForEncodings = 0;
			knownRegions = (
				en,
				Base,
			);
			mainGroup = 324DCC0F2B67F4330018E86E;
			productRefGroup = 324DCC192B67F4330018E86E /* Products */;
			projectDirPath = "";
			projectRoot = "";
			targets = (
				324DCC172B67F4330018E86E /* TableView_sozvon */,
			);
		};
/* End PBXProject section */

/* Begin PBXResourcesBuildPhase section */
		324DCC162B67F4330018E86E /* Resources */ = {
			isa = PBXResourcesBuildPhase;
			buildActionMask = 2147483647;
			files = (
				324DCC282B67F4350018E86E /* LaunchScreen.storyboard in Resources */,
				324DCC252B67F4350018E86E /* Assets.xcassets in Resources */,
			);
			runOnlyForDeploymentPostprocessing = 0;
		};
/* End PBXResourcesBuildPhase section */

/* Begin PBXSourcesBuildPhase section */
		324DCC142B67F4330018E86E /* Sources */ = {
			isa = PBXSourcesBuildPhase;
			buildActionMask = 2147483647;
			files = (
				324DCC352B6802A80018E86E /* CustomCell.swift in Sources */,
				324DCC202B67F4330018E86E /* ViewController.swift in Sources */,
				324DCC1C2B67F4330018E86E /* AppDelegate.swift in Sources */,
				324DCC1E2B67F4330018E86E /* SceneDelegate.swift in Sources */,
				324DCC332B6800490018E86E /* Model.swift in Sources */,
			);
			runOnlyForDeploymentPostprocessing = 0;
		};
/* End PBXSourcesBuildPhase section */

/* Begin PBXVariantGroup section */
		324DCC262B67F4350018E86E /* LaunchScreen.storyboard */ = {
			isa = PBXVariantGroup;
			children = (
				324DCC272B67F4350018E86E /* Base */,
			);
			name = LaunchScreen.storyboard;
			sourceTree = "<group>";
		};
/* End PBXVariantGroup section */

/* Begin XCBuildConfiguration section */
		324DCC2A2B67F4350018E86E /* Debug */ = {
			isa = XCBuildConfiguration;
			buildSettings = {
				ALWAYS_SEARCH_USER_PATHS = NO;
				ASSETCATALOG_COMPILER_GENERATE_SWIFT_ASSET_SYMBOL_EXTENSIONS = YES;
				CLANG_ANALYZER_NONNULL = YES;
				CLANG_ANALYZER_NUMBER_OBJECT_CONVERSION = YES_AGGRESSIVE;
				CLANG_CXX_LANGUAGE_STANDARD = "gnu++20";
				CLANG_ENABLE_MODULES = YES;
				CLANG_ENABLE_OBJC_ARC = YES;
				CLANG_ENABLE_OBJC_WEAK = YES;
				CLANG_WARN_BLOCK_CAPTURE_AUTORELEASING = YES;
				CLANG_WARN_BOOL_CONVERSION = YES;
				CLANG_WARN_COMMA = YES;
				CLANG_WARN_CONSTANT_CONVERSION = YES;
				CLANG_WARN_DEPRECATED_OBJC_IMPLEMENTATIONS = YES;
				CLANG_WARN_DIRECT_OBJC_ISA_USAGE = YES_ERROR;
				CLANG_WARN_DOCUMENTATION_COMMENTS = YES;
				CLANG_WARN_EMPTY_BODY = YES;
				CLANG_WARN_ENUM_CONVERSION = YES;
				CLANG_WARN_INFINITE_RECURSION = YES;
				CLANG_WARN_INT_CONVERSION = YES;
				CLANG_WARN_NON_LITERAL_NULL_CONVERSION = YES;
				CLANG_WARN_OBJC_IMPLICIT_RETAIN_SELF = YES;
				CLANG_WARN_OBJC_LITERAL_CONVERSION = YES;
				CLANG_WARN_OBJC_ROOT_CLASS = YES_ERROR;
				CLANG_WARN_QUOTED_INCLUDE_IN_FRAMEWORK_HEADER = YES;
				CLANG_WARN_RANGE_LOOP_ANALYSIS = YES;
				CLANG_WARN_STRICT_PROTOTYPES = YES;
				CLANG_WARN_SUSPICIOUS_MOVE = YES;
				CLANG_WARN_UNGUARDED_AVAILABILITY = YES_AGGRESSIVE;
				CLANG_WARN_UNREACHABLE_CODE = YES;
				CLANG_WARN__DUPLICATE_METHOD_MATCH = YES;
				COPY_PHASE_STRIP = NO;
				DEBUG_INFORMATION_FORMAT = dwarf;
				ENABLE_STRICT_OBJC_MSGSEND = YES;
				ENABLE_TESTABILITY = YES;
				ENABLE_USER_SCRIPT_SANDBOXING = YES;
				GCC_C_LANGUAGE_STANDARD = gnu17;
				GCC_DYNAMIC_NO_PIC = NO;
				GCC_NO_COMMON_BLOCKS = YES;
				GCC_OPTIMIZATION_LEVEL = 0;
				GCC_PREPROCESSOR_DEFINITIONS = (
					"DEBUG=1",
					"$(inherited)",
				);
				GCC_WARN_64_TO_32_BIT_CONVERSION = YES;
				GCC_WARN_ABOUT_RETURN_TYPE = YES_ERROR;
				GCC_WARN_UNDECLARED_SELECTOR = YES;
				GCC_WARN_UNINITIALIZED_AUTOS = YES_AGGRESSIVE;
				GCC_WARN_UNUSED_FUNCTION = YES;
				GCC_WARN_UNUSED_VARIABLE = YES;
				IPHONEOS_DEPLOYMENT_TARGET = 17.2;
				LOCALIZATION_PREFERS_STRING_CATALOGS = YES;
				MTL_ENABLE_DEBUG_INFO = INCLUDE_SOURCE;
				MTL_FAST_MATH = YES;
				ONLY_ACTIVE_ARCH = YES;
				SDKROOT = iphoneos;
				SWIFT_ACTIVE_COMPILATION_CONDITIONS = "DEBUG $(inherited)";
				SWIFT_OPTIMIZATION_LEVEL = "-Onone";
			};
			name = Debug;
		};
		324DCC2B2B67F4350018E86E /* Release */ = {
			isa = XCBuildConfiguration;
			buildSettings = {
				ALWAYS_SEARCH_USER_PATHS = NO;
				ASSETCATALOG_COMPILER_GENERATE_SWIFT_ASSET_SYMBOL_EXTENSIONS = YES;
				CLANG_ANALYZER_NONNULL = YES;
				CLANG_ANALYZER_NUMBER_OBJECT_CONVERSION = YES_AGGRESSIVE;
				CLANG_CXX_LANGUAGE_STANDARD = "gnu++20";
				CLANG_ENABLE_MODULES = YES;
				CLANG_ENABLE_OBJC_ARC = YES;
				CLANG_ENABLE_OBJC_WEAK = YES;
				CLANG_WARN_BLOCK_CAPTURE_AUTORELEASING = YES;
				CLANG_WARN_BOOL_CONVERSION = YES;
				CLANG_WARN_COMMA = YES;
				CLANG_WARN_CONSTANT_CONVERSION = YES;
				CLANG_WARN_DEPRECATED_OBJC_IMPLEMENTATIONS = YES;
				CLANG_WARN_DIRECT_OBJC_ISA_USAGE = YES_ERROR;
				CLANG_WARN_DOCUMENTATION_COMMENTS = YES;
				CLANG_WARN_EMPTY_BODY = YES;
				CLANG_WARN_ENUM_CONVERSION = YES;
				CLANG_WARN_INFINITE_RECURSION = YES;
				CLANG_WARN_INT_CONVERSION = YES;
				CLANG_WARN_NON_LITERAL_NULL_CONVERSION = YES;
				CLANG_WARN_OBJC_IMPLICIT_RETAIN_SELF = YES;
				CLANG_WARN_OBJC_LITERAL_CONVERSION = YES;
				CLANG_WARN_OBJC_ROOT_CLASS = YES_ERROR;
				CLANG_WARN_QUOTED_INCLUDE_IN_FRAMEWORK_HEADER = YES;
				CLANG_WARN_RANGE_LOOP_ANALYSIS = YES;
				CLANG_WARN_STRICT_PROTOTYPES = YES;
				CLANG_WARN_SUSPICIOUS_MOVE = YES;
				CLANG_WARN_UNGUARDED_AVAILABILITY = YES_AGGRESSIVE;
				CLANG_WARN_UNREACHABLE_CODE = YES;
				CLANG_WARN__DUPLICATE_METHOD_MATCH = YES;
				COPY_PHASE_STRIP = NO;
				DEBUG_INFORMATION_FORMAT = "dwarf-with-dsym";
				ENABLE_NS_ASSERTIONS = NO;
				ENABLE_STRICT_OBJC_MSGSEND = YES;
				ENABLE_USER_SCRIPT_SANDBOXING = YES;
				GCC_C_LANGUAGE_STANDARD = gnu17;
				GCC_NO_COMMON_BLOCKS = YES;
				GCC_WARN_64_TO_32_BIT_CONVERSION = YES;
				GCC_WARN_ABOUT_RETURN_TYPE = YES_ERROR;
				GCC_WARN_UNDECLARED_SELECTOR = YES;
				GCC_WARN_UNINITIALIZED_AUTOS = YES_AGGRESSIVE;
				GCC_WARN_UNUSED_FUNCTION = YES;
				GCC_WARN_UNUSED_VARIABLE = YES;
				IPHONEOS_DEPLOYMENT_TARGET = 17.2;
				LOCALIZATION_PREFERS_STRING_CATALOGS = YES;
				MTL_ENABLE_DEBUG_INFO = NO;
				MTL_FAST_MATH = YES;
				SDKROOT = iphoneos;
				SWIFT_COMPILATION_MODE = wholemodule;
				VALIDATE_PRODUCT = YES;
			};
			name = Release;
		};
		324DCC2D2B67F4350018E86E /* Debug */ = {
			isa = XCBuildConfiguration;
			buildSettings = {
				ASSETCATALOG_COMPILER_APPICON_NAME = AppIcon;
				ASSETCATALOG_COMPILER_GLOBAL_ACCENT_COLOR_NAME = AccentColor;
				CODE_SIGN_STYLE = Automatic;
				CURRENT_PROJECT_VERSION = 1;
				DEVELOPMENT_TEAM = 7S5KXF68WA;
				GENERATE_INFOPLIST_FILE = YES;
				INFOPLIST_FILE = TableView_sozvon/Resources/Info.plist;
				INFOPLIST_KEY_UIApplicationSupportsIndirectInputEvents = YES;
				INFOPLIST_KEY_UILaunchStoryboardName = LaunchScreen;
				INFOPLIST_KEY_UISupportedInterfaceOrientations = UIInterfaceOrientationPortrait;
				INFOPLIST_KEY_UISupportedInterfaceOrientations_iPad = UIInterfaceOrientationLandscapeRight;
				LD_RUNPATH_SEARCH_PATHS = (
					"$(inherited)",
					"@executable_path/Frameworks",
				);
				MARKETING_VERSION = 1.0;
				PRODUCT_BUNDLE_IDENTIFIER = "com.my.TableView-sozvon";
				PRODUCT_NAME = "$(TARGET_NAME)";
				SUPPORTED_PLATFORMS = "iphoneos iphonesimulator";
				SUPPORTS_MACCATALYST = NO;
				SUPPORTS_MAC_DESIGNED_FOR_IPHONE_IPAD = NO;
				SUPPORTS_XR_DESIGNED_FOR_IPHONE_IPAD = NO;
				SWIFT_EMIT_LOC_STRINGS = YES;
				SWIFT_VERSION = 5.0;
				TARGETED_DEVICE_FAMILY = 1;
			};
			name = Debug;
		};
		324DCC2E2B67F4350018E86E /* Release */ = {
			isa = XCBuildConfiguration;
			buildSettings = {
				ASSETCATALOG_COMPILER_APPICON_NAME = AppIcon;
				ASSETCATALOG_COMPILER_GLOBAL_ACCENT_COLOR_NAME = AccentColor;
				CODE_SIGN_STYLE = Automatic;
				CURRENT_PROJECT_VERSION = 1;
				DEVELOPMENT_TEAM = 7S5KXF68WA;
				GENERATE_INFOPLIST_FILE = YES;
				INFOPLIST_FILE = TableView_sozvon/Resources/Info.plist;
				INFOPLIST_KEY_UIApplicationSupportsIndirectInputEvents = YES;
				INFOPLIST_KEY_UILaunchStoryboardName = LaunchScreen;
				INFOPLIST_KEY_UISupportedInterfaceOrientations = UIInterfaceOrientationPortrait;
				INFOPLIST_KEY_UISupportedInterfaceOrientations_iPad = UIInterfaceOrientationLandscapeRight;
				LD_RUNPATH_SEARCH_PATHS = (
					"$(inherited)",
					"@executable_path/Frameworks",
				);
				MARKETING_VERSION = 1.0;
				PRODUCT_BUNDLE_IDENTIFIER = "com.my.TableView-sozvon";
				PRODUCT_NAME = "$(TARGET_NAME)";
				SUPPORTED_PLATFORMS = "iphoneos iphonesimulator";
				SUPPORTS_MACCATALYST = NO;
				SUPPORTS_MAC_DESIGNED_FOR_IPHONE_IPAD = NO;
				SUPPORTS_XR_DESIGNED_FOR_IPHONE_IPAD = NO;
				SWIFT_EMIT_LOC_STRINGS = YES;
				SWIFT_VERSION = 5.0;
				TARGETED_DEVICE_FAMILY = 1;
			};
			name = Release;
		};
/* End XCBuildConfiguration section */

/* Begin XCConfigurationList section */
		324DCC132B67F4330018E86E /* Build configuration list for PBXProject "TableView_sozvon" */ = {
			isa = XCConfigurationList;
			buildConfigurations = (
				324DCC2A2B67F4350018E86E /* Debug */,
				324DCC2B2B67F4350018E86E /* Release */,
			);
			defaultConfigurationIsVisible = 0;
			defaultConfigurationName = Release;
		};
		324DCC2C2B67F4350018E86E /* Build configuration list for PBXNativeTarget "TableView_sozvon" */ = {
			isa = XCConfigurationList;
			buildConfigurations = (
				324DCC2D2B67F4350018E86E /* Debug */,
				324DCC2E2B67F4350018E86E /* Release */,
			);
			defaultConfigurationIsVisible = 0;
			defaultConfigurationName = Release;
		};
/* End XCConfigurationList section */
	};
	rootObject = 324DCC102B67F4330018E86E /* Project object */;
}
